// !$*UTF8*$!
{
	archiveVersion = 1;
	classes = {
	};
	objectVersion = 56;
	objects = {

/* Begin PBXBuildFile section */
		B2F654202B258F7D00DD0797 /* AppDelegate.swift in Sources */ = {isa = PBXBuildFile; fileRef = B2F6541F2B258F7D00DD0797 /* AppDelegate.swift */; };
		B2F654222B258F7D00DD0797 /* SceneDelegate.swift in Sources */ = {isa = PBXBuildFile; fileRef = B2F654212B258F7D00DD0797 /* SceneDelegate.swift */; };
		B2F654242B258F7D00DD0797 /* ViewController.swift in Sources */ = {isa = PBXBuildFile; fileRef = B2F654232B258F7D00DD0797 /* ViewController.swift */; };
		B2F654272B258F7D00DD0797 /* Main.storyboard in Resources */ = {isa = PBXBuildFile; fileRef = B2F654252B258F7D00DD0797 /* Main.storyboard */; };
		B2F6542A2B258F7D00DD0797 /* SOLID.xcdatamodeld in Sources */ = {isa = PBXBuildFile; fileRef = B2F654282B258F7D00DD0797 /* SOLID.xcdatamodeld */; };
		B2F6542C2B258F7E00DD0797 /* Assets.xcassets in Resources */ = {isa = PBXBuildFile; fileRef = B2F6542B2B258F7E00DD0797 /* Assets.xcassets */; };
		B2F6542F2B258F7E00DD0797 /* LaunchScreen.storyboard in Resources */ = {isa = PBXBuildFile; fileRef = B2F6542D2B258F7E00DD0797 /* LaunchScreen.storyboard */; };
		B2F6543A2B258F7E00DD0797 /* SOLIDTests.swift in Sources */ = {isa = PBXBuildFile; fileRef = B2F654392B258F7E00DD0797 /* SOLIDTests.swift */; };
		B2F654442B258F7E00DD0797 /* SOLIDUITests.swift in Sources */ = {isa = PBXBuildFile; fileRef = B2F654432B258F7E00DD0797 /* SOLIDUITests.swift */; };
		B2F654462B258F7E00DD0797 /* SOLIDUITestsLaunchTests.swift in Sources */ = {isa = PBXBuildFile; fileRef = B2F654452B258F7E00DD0797 /* SOLIDUITestsLaunchTests.swift */; };
		B2F654532B258FF300DD0797 /* SingleResponsibilityPrinciple.swift in Sources */ = {isa = PBXBuildFile; fileRef = B2F654522B258FF300DD0797 /* SingleResponsibilityPrinciple.swift */; };
		B2F654552B25948500DD0797 /* Open+ClosedPrinciple.swift in Sources */ = {isa = PBXBuildFile; fileRef = B2F654542B25948500DD0797 /* Open+ClosedPrinciple.swift */; };
		B2F654572B259E1100DD0797 /* LiskovSubstitutionPrinciple.swift in Sources */ = {isa = PBXBuildFile; fileRef = B2F654562B259E1100DD0797 /* LiskovSubstitutionPrinciple.swift */; };
		B2F654592B25A67000DD0797 /* InterfaceSegregationPrinciple.swift in Sources */ = {isa = PBXBuildFile; fileRef = B2F654582B25A67000DD0797 /* InterfaceSegregationPrinciple.swift */; };
		B2F6545B2B25A8D300DD0797 /* DependencyInversionPrinciple.swift in Sources */ = {isa = PBXBuildFile; fileRef = B2F6545A2B25A8D300DD0797 /* DependencyInversionPrinciple.swift */; };
		B2F6545C2B25AD2600DD0797 /* DependencyInversionPrinciple.swift in Sources */ = {isa = PBXBuildFile; fileRef = B2F6545A2B25A8D300DD0797 /* DependencyInversionPrinciple.swift */; };
/* End PBXBuildFile section */

/* Begin PBXContainerItemProxy section */
		B2F654362B258F7E00DD0797 /* PBXContainerItemProxy */ = {
			isa = PBXContainerItemProxy;
			containerPortal = B2F654142B258F7D00DD0797 /* Project object */;
			proxyType = 1;
			remoteGlobalIDString = B2F6541B2B258F7D00DD0797;
			remoteInfo = SOLID;
		};
		B2F654402B258F7E00DD0797 /* PBXContainerItemProxy */ = {
			isa = PBXContainerItemProxy;
			containerPortal = B2F654142B258F7D00DD0797 /* Project object */;
			proxyType = 1;
			remoteGlobalIDString = B2F6541B2B258F7D00DD0797;
			remoteInfo = SOLID;
		};
/* End PBXContainerItemProxy section */

/* Begin PBXFileReference section */
		B2F6541C2B258F7D00DD0797 /* SOLID.app */ = {isa = PBXFileReference; explicitFileType = wrapper.application; includeInIndex = 0; path = SOLID.app; sourceTree = BUILT_PRODUCTS_DIR; };
		B2F6541F2B258F7D00DD0797 /* AppDelegate.swift */ = {isa = PBXFileReference; lastKnownFileType = sourcecode.swift; path = AppDelegate.swift; sourceTree = "<group>"; };
		B2F654212B258F7D00DD0797 /* SceneDelegate.swift */ = {isa = PBXFileReference; lastKnownFileType = sourcecode.swift; path = SceneDelegate.swift; sourceTree = "<group>"; };
		B2F654232B258F7D00DD0797 /* ViewController.swift */ = {isa = PBXFileReference; lastKnownFileType = sourcecode.swift; path = ViewController.swift; sourceTree = "<group>"; };
		B2F654262B258F7D00DD0797 /* Base */ = {isa = PBXFileReference; lastKnownFileType = file.storyboard; name = Base; path = Base.lproj/Main.storyboard; sourceTree = "<group>"; };
		B2F654292B258F7D00DD0797 /* SOLID.xcdatamodel */ = {isa = PBXFileReference; lastKnownFileType = wrapper.xcdatamodel; path = SOLID.xcdatamodel; sourceTree = "<group>"; };
		B2F6542B2B258F7E00DD0797 /* Assets.xcassets */ = {isa = PBXFileReference; lastKnownFileType = folder.assetcatalog; path = Assets.xcassets; sourceTree = "<group>"; };
		B2F6542E2B258F7E00DD0797 /* Base */ = {isa = PBXFileReference; lastKnownFileType = file.storyboard; name = Base; path = Base.lproj/LaunchScreen.storyboard; sourceTree = "<group>"; };
		B2F654302B258F7E00DD0797 /* Info.plist */ = {isa = PBXFileReference; lastKnownFileType = text.plist.xml; path = Info.plist; sourceTree = "<group>"; };
		B2F654352B258F7E00DD0797 /* SOLIDTests.xctest */ = {isa = PBXFileReference; explicitFileType = wrapper.cfbundle; includeInIndex = 0; path = SOLIDTests.xctest; sourceTree = BUILT_PRODUCTS_DIR; };
		B2F654392B258F7E00DD0797 /* SOLIDTests.swift */ = {isa = PBXFileReference; lastKnownFileType = sourcecode.swift; path = SOLIDTests.swift; sourceTree = "<group>"; };
		B2F6543F2B258F7E00DD0797 /* SOLIDUITests.xctest */ = {isa = PBXFileReference; explicitFileType = wrapper.cfbundle; includeInIndex = 0; path = SOLIDUITests.xctest; sourceTree = BUILT_PRODUCTS_DIR; };
		B2F654432B258F7E00DD0797 /* SOLIDUITests.swift */ = {isa = PBXFileReference; lastKnownFileType = sourcecode.swift; path = SOLIDUITests.swift; sourceTree = "<group>"; };
		B2F654452B258F7E00DD0797 /* SOLIDUITestsLaunchTests.swift */ = {isa = PBXFileReference; lastKnownFileType = sourcecode.swift; path = SOLIDUITestsLaunchTests.swift; sourceTree = "<group>"; };
		B2F654522B258FF300DD0797 /* SingleResponsibilityPrinciple.swift */ = {isa = PBXFileReference; lastKnownFileType = sourcecode.swift; path = SingleResponsibilityPrinciple.swift; sourceTree = "<group>"; };
		B2F654542B25948500DD0797 /* Open+ClosedPrinciple.swift */ = {isa = PBXFileReference; lastKnownFileType = sourcecode.swift; path = "Open+ClosedPrinciple.swift"; sourceTree = "<group>"; };
		B2F654562B259E1100DD0797 /* LiskovSubstitutionPrinciple.swift */ = {isa = PBXFileReference; lastKnownFileType = sourcecode.swift; path = LiskovSubstitutionPrinciple.swift; sourceTree = "<group>"; };
		B2F654582B25A67000DD0797 /* InterfaceSegregationPrinciple.swift */ = {isa = PBXFileReference; lastKnownFileType = sourcecode.swift; path = InterfaceSegregationPrinciple.swift; sourceTree = "<group>"; };
		B2F6545A2B25A8D300DD0797 /* DependencyInversionPrinciple.swift */ = {isa = PBXFileReference; lastKnownFileType = sourcecode.swift; path = DependencyInversionPrinciple.swift; sourceTree = "<group>"; };
/* End PBXFileReference section */

/* Begin PBXFrameworksBuildPhase section */
		B2F654192B258F7D00DD0797 /* Frameworks */ = {
			isa = PBXFrameworksBuildPhase;
			buildActionMask = 2147483647;
			files = (
			);
			runOnlyForDeploymentPostprocessing = 0;
		};
		B2F654322B258F7E00DD0797 /* Frameworks */ = {
			isa = PBXFrameworksBuildPhase;
			buildActionMask = 2147483647;
			files = (
			);
			runOnlyForDeploymentPostprocessing = 0;
		};
		B2F6543C2B258F7E00DD0797 /* Frameworks */ = {
			isa = PBXFrameworksBuildPhase;
			buildActionMask = 2147483647;
			files = (
			);
			runOnlyForDeploymentPostprocessing = 0;
		};
/* End PBXFrameworksBuildPhase section */

/* Begin PBXGroup section */
		B2F654132B258F7D00DD0797 = {
			isa = PBXGroup;
			children = (
				B2F6541E2B258F7D00DD0797 /* SOLID */,
				B2F654382B258F7E00DD0797 /* SOLIDTests */,
				B2F654422B258F7E00DD0797 /* SOLIDUITests */,
				B2F6541D2B258F7D00DD0797 /* Products */,
			);
			sourceTree = "<group>";
		};
		B2F6541D2B258F7D00DD0797 /* Products */ = {
			isa = PBXGroup;
			children = (
				B2F6541C2B258F7D00DD0797 /* SOLID.app */,
				B2F654352B258F7E00DD0797 /* SOLIDTests.xctest */,
				B2F6543F2B258F7E00DD0797 /* SOLIDUITests.xctest */,
			);
			name = Products;
			sourceTree = "<group>";
		};
		B2F6541E2B258F7D00DD0797 /* SOLID */ = {
			isa = PBXGroup;
			children = (
				B2F6541F2B258F7D00DD0797 /* AppDelegate.swift */,
				B2F654212B258F7D00DD0797 /* SceneDelegate.swift */,
				B2F654232B258F7D00DD0797 /* ViewController.swift */,
				B2F654252B258F7D00DD0797 /* Main.storyboard */,
				B2F6542B2B258F7E00DD0797 /* Assets.xcassets */,
				B2F6542D2B258F7E00DD0797 /* LaunchScreen.storyboard */,
				B2F654302B258F7E00DD0797 /* Info.plist */,
				B2F654282B258F7D00DD0797 /* SOLID.xcdatamodeld */,
				B2F654522B258FF300DD0797 /* SingleResponsibilityPrinciple.swift */,
				B2F654542B25948500DD0797 /* Open+ClosedPrinciple.swift */,
				B2F654562B259E1100DD0797 /* LiskovSubstitutionPrinciple.swift */,
				B2F654582B25A67000DD0797 /* InterfaceSegregationPrinciple.swift */,
				B2F6545A2B25A8D300DD0797 /* DependencyInversionPrinciple.swift */,
			);
			path = SOLID;
			sourceTree = "<group>";
		};
		B2F654382B258F7E00DD0797 /* SOLIDTests */ = {
			isa = PBXGroup;
			children = (
				B2F654392B258F7E00DD0797 /* SOLIDTests.swift */,
			);
			path = SOLIDTests;
			sourceTree = "<group>";
		};
		B2F654422B258F7E00DD0797 /* SOLIDUITests */ = {
			isa = PBXGroup;
			children = (
				B2F654432B258F7E00DD0797 /* SOLIDUITests.swift */,
				B2F654452B258F7E00DD0797 /* SOLIDUITestsLaunchTests.swift */,
			);
			path = SOLIDUITests;
			sourceTree = "<group>";
		};
/* End PBXGroup section */

/* Begin PBXNativeTarget section */
		B2F6541B2B258F7D00DD0797 /* SOLID */ = {
			isa = PBXNativeTarget;
			buildConfigurationList = B2F654492B258F7E00DD0797 /* Build configuration list for PBXNativeTarget "SOLID" */;
			buildPhases = (
				B2F654182B258F7D00DD0797 /* Sources */,
				B2F654192B258F7D00DD0797 /* Frameworks */,
				B2F6541A2B258F7D00DD0797 /* Resources */,
			);
			buildRules = (
			);
			dependencies = (
			);
			name = SOLID;
			productName = SOLID;
			productReference = B2F6541C2B258F7D00DD0797 /* SOLID.app */;
			productType = "com.apple.product-type.application";
		};
		B2F654342B258F7E00DD0797 /* SOLIDTests */ = {
			isa = PBXNativeTarget;
			buildConfigurationList = B2F6544C2B258F7E00DD0797 /* Build configuration list for PBXNativeTarget "SOLIDTests" */;
			buildPhases = (
				B2F654312B258F7E00DD0797 /* Sources */,
				B2F654322B258F7E00DD0797 /* Frameworks */,
				B2F654332B258F7E00DD0797 /* Resources */,
			);
			buildRules = (
			);
			dependencies = (
				B2F654372B258F7E00DD0797 /* PBXTargetDependency */,
			);
			name = SOLIDTests;
			productName = SOLIDTests;
			productReference = B2F654352B258F7E00DD0797 /* SOLIDTests.xctest */;
			productType = "com.apple.product-type.bundle.unit-test";
		};
		B2F6543E2B258F7E00DD0797 /* SOLIDUITests */ = {
			isa = PBXNativeTarget;
			buildConfigurationList = B2F6544F2B258F7E00DD0797 /* Build configuration list for PBXNativeTarget "SOLIDUITests" */;
			buildPhases = (
				B2F6543B2B258F7E00DD0797 /* Sources */,
				B2F6543C2B258F7E00DD0797 /* Frameworks */,
				B2F6543D2B258F7E00DD0797 /* Resources */,
			);
			buildRules = (
			);
			dependencies = (
				B2F654412B258F7E00DD0797 /* PBXTargetDependency */,
			);
			name = SOLIDUITests;
			productName = SOLIDUITests;
			productReference = B2F6543F2B258F7E00DD0797 /* SOLIDUITests.xctest */;
			productType = "com.apple.product-type.bundle.ui-testing";
		};
/* End PBXNativeTarget section */

/* Begin PBXProject section */
		B2F654142B258F7D00DD0797 /* Project object */ = {
			isa = PBXProject;
			attributes = {
				BuildIndependentTargetsInParallel = 1;
				LastSwiftUpdateCheck = 1430;
				LastUpgradeCheck = 1430;
				TargetAttributes = {
					B2F6541B2B258F7D00DD0797 = {
						CreatedOnToolsVersion = 14.3;
					};
					B2F654342B258F7E00DD0797 = {
						CreatedOnToolsVersion = 14.3;
						TestTargetID = B2F6541B2B258F7D00DD0797;
					};
					B2F6543E2B258F7E00DD0797 = {
						CreatedOnToolsVersion = 14.3;
						TestTargetID = B2F6541B2B258F7D00DD0797;
					};
				};
			};
			buildConfigurationList = B2F654172B258F7D00DD0797 /* Build configuration list for PBXProject "SOLID" */;
			compatibilityVersion = "Xcode 14.0";
			developmentRegion = en;
			hasScannedForEncodings = 0;
			knownRegions = (
				en,
				Base,
			);
			mainGroup = B2F654132B258F7D00DD0797;
			productRefGroup = B2F6541D2B258F7D00DD0797 /* Products */;
			projectDirPath = "";
			projectRoot = "";
			targets = (
				B2F6541B2B258F7D00DD0797 /* SOLID */,
				B2F654342B258F7E00DD0797 /* SOLIDTests */,
				B2F6543E2B258F7E00DD0797 /* SOLIDUITests */,
			);
		};
/* End PBXProject section */

/* Begin PBXResourcesBuildPhase section */
		B2F6541A2B258F7D00DD0797 /* Resources */ = {
			isa = PBXResourcesBuildPhase;
			buildActionMask = 2147483647;
			files = (
				B2F6542F2B258F7E00DD0797 /* LaunchScreen.storyboard in Resources */,
				B2F6542C2B258F7E00DD0797 /* Assets.xcassets in Resources */,
				B2F654272B258F7D00DD0797 /* Main.storyboard in Resources */,
			);
			runOnlyForDeploymentPostprocessing = 0;
		};
		B2F654332B258F7E00DD0797 /* Resources */ = {
			isa = PBXResourcesBuildPhase;
			buildActionMask = 2147483647;
			files = (
			);
			runOnlyForDeploymentPostprocessing = 0;
		};
		B2F6543D2B258F7E00DD0797 /* Resources */ = {
			isa = PBXResourcesBuildPhase;
			buildActionMask = 2147483647;
			files = (
			);
			runOnlyForDeploymentPostprocessing = 0;
		};
/* End PBXResourcesBuildPhase section */

/* Begin PBXSourcesBuildPhase section */
		B2F654182B258F7D00DD0797 /* Sources */ = {
			isa = PBXSourcesBuildPhase;
			buildActionMask = 2147483647;
			files = (
				B2F654572B259E1100DD0797 /* LiskovSubstitutionPrinciple.swift in Sources */,
				B2F654552B25948500DD0797 /* Open+ClosedPrinciple.swift in Sources */,
				B2F654242B258F7D00DD0797 /* ViewController.swift in Sources */,
				B2F6542A2B258F7D00DD0797 /* SOLID.xcdatamodeld in Sources */,
				B2F654202B258F7D00DD0797 /* AppDelegate.swift in Sources */,
				B2F654592B25A67000DD0797 /* InterfaceSegregationPrinciple.swift in Sources */,
				B2F654222B258F7D00DD0797 /* SceneDelegate.swift in Sources */,
				B2F654532B258FF300DD0797 /* SingleResponsibilityPrinciple.swift in Sources */,
				B2F6545B2B25A8D300DD0797 /* DependencyInversionPrinciple.swift in Sources */,
			);
			runOnlyForDeploymentPostprocessing = 0;
		};
		B2F654312B258F7E00DD0797 /* Sources */ = {
			isa = PBXSourcesBuildPhase;
			buildActionMask = 2147483647;
			files = (
				B2F6543A2B258F7E00DD0797 /* SOLIDTests.swift in Sources */,
				B2F6545C2B25AD2600DD0797 /* DependencyInversionPrinciple.swift in Sources */,
			);
			runOnlyForDeploymentPostprocessing = 0;
		};
		B2F6543B2B258F7E00DD0797 /* Sources */ = {
			isa = PBXSourcesBuildPhase;
			buildActionMask = 2147483647;
			files = (
				B2F654462B258F7E00DD0797 /* SOLIDUITestsLaunchTests.swift in Sources */,
				B2F654442B258F7E00DD0797 /* SOLIDUITests.swift in Sources */,
			);
			runOnlyForDeploymentPostprocessing = 0;
		};
/* End PBXSourcesBuildPhase section */

/* Begin PBXTargetDependency section */
		B2F654372B258F7E00DD0797 /* PBXTargetDependency */ = {
			isa = PBXTargetDependency;
			target = B2F6541B2B258F7D00DD0797 /* SOLID */;
			targetProxy = B2F654362B258F7E00DD0797 /* PBXContainerItemProxy */;
		};
		B2F654412B258F7E00DD0797 /* PBXTargetDependency */ = {
			isa = PBXTargetDependency;
			target = B2F6541B2B258F7D00DD0797 /* SOLID */;
			targetProxy = B2F654402B258F7E00DD0797 /* PBXContainerItemProxy */;
		};
/* End PBXTargetDependency section */

/* Begin PBXVariantGroup section */
		B2F654252B258F7D00DD0797 /* Main.storyboard */ = {
			isa = PBXVariantGroup;
			children = (
				B2F654262B258F7D00DD0797 /* Base */,
			);
			name = Main.storyboard;
			sourceTree = "<group>";
		};
		B2F6542D2B258F7E00DD0797 /* LaunchScreen.storyboard */ = {
			isa = PBXVariantGroup;
			children = (
				B2F6542E2B258F7E00DD0797 /* Base */,
			);
			name = LaunchScreen.storyboard;
			sourceTree = "<group>";
		};
/* End PBXVariantGroup section */

/* Begin XCBuildConfiguration section */
		B2F654472B258F7E00DD0797 /* Debug */ = {
			isa = XCBuildConfiguration;
			buildSettings = {
				ALWAYS_SEARCH_USER_PATHS = NO;
				CLANG_ANALYZER_NONNULL = YES;
				CLANG_ANALYZER_NUMBER_OBJECT_CONVERSION = YES_AGGRESSIVE;
				CLANG_CXX_LANGUAGE_STANDARD = "gnu++20";
				CLANG_ENABLE_MODULES = YES;
				CLANG_ENABLE_OBJC_ARC = YES;
				CLANG_ENABLE_OBJC_WEAK = YES;
				CLANG_WARN_BLOCK_CAPTURE_AUTORELEASING = YES;
				CLANG_WARN_BOOL_CONVERSION = YES;
				CLANG_WARN_COMMA = YES;
				CLANG_WARN_CONSTANT_CONVERSION = YES;
				CLANG_WARN_DEPRECATED_OBJC_IMPLEMENTATIONS = YES;
				CLANG_WARN_DIRECT_OBJC_ISA_USAGE = YES_ERROR;
				CLANG_WARN_DOCUMENTATION_COMMENTS = YES;
				CLANG_WARN_EMPTY_BODY = YES;
				CLANG_WARN_ENUM_CONVERSION = YES;
				CLANG_WARN_INFINITE_RECURSION = YES;
				CLANG_WARN_INT_CONVERSION = YES;
				CLANG_WARN_NON_LITERAL_NULL_CONVERSION = YES;
				CLANG_WARN_OBJC_IMPLICIT_RETAIN_SELF = YES;
				CLANG_WARN_OBJC_LITERAL_CONVERSION = YES;
				CLANG_WARN_OBJC_ROOT_CLASS = YES_ERROR;
				CLANG_WARN_QUOTED_INCLUDE_IN_FRAMEWORK_HEADER = YES;
				CLANG_WARN_RANGE_LOOP_ANALYSIS = YES;
				CLANG_WARN_STRICT_PROTOTYPES = YES;
				CLANG_WARN_SUSPICIOUS_MOVE = YES;
				CLANG_WARN_UNGUARDED_AVAILABILITY = YES_AGGRESSIVE;
				CLANG_WARN_UNREACHABLE_CODE = YES;
				CLANG_WARN__DUPLICATE_METHOD_MATCH = YES;
				COPY_PHASE_STRIP = NO;
				DEBUG_INFORMATION_FORMAT = dwarf;
				ENABLE_STRICT_OBJC_MSGSEND = YES;
				ENABLE_TESTABILITY = YES;
				GCC_C_LANGUAGE_STANDARD = gnu11;
				GCC_DYNAMIC_NO_PIC = NO;
				GCC_NO_COMMON_BLOCKS = YES;
				GCC_OPTIMIZATION_LEVEL = 0;
				GCC_PREPROCESSOR_DEFINITIONS = (
					"DEBUG=1",
					"$(inherited)",
				);
				GCC_WARN_64_TO_32_BIT_CONVERSION = YES;
				GCC_WARN_ABOUT_RETURN_TYPE = YES_ERROR;
				GCC_WARN_UNDECLARED_SELECTOR = YES;
				GCC_WARN_UNINITIALIZED_AUTOS = YES_AGGRESSIVE;
				GCC_WARN_UNUSED_FUNCTION = YES;
				GCC_WARN_UNUSED_VARIABLE = YES;
				IPHONEOS_DEPLOYMENT_TARGET = 16.4;
				MTL_ENABLE_DEBUG_INFO = INCLUDE_SOURCE;
				MTL_FAST_MATH = YES;
				ONLY_ACTIVE_ARCH = YES;
				SDKROOT = iphoneos;
				SWIFT_ACTIVE_COMPILATION_CONDITIONS = DEBUG;
				SWIFT_OPTIMIZATION_LEVEL = "-Onone";
			};
			name = Debug;
		};
		B2F654482B258F7E00DD0797 /* Release */ = {
			isa = XCBuildConfiguration;
			buildSettings = {
				ALWAYS_SEARCH_USER_PATHS = NO;
				CLANG_ANALYZER_NONNULL = YES;
				CLANG_ANALYZER_NUMBER_OBJECT_CONVERSION = YES_AGGRESSIVE;
				CLANG_CXX_LANGUAGE_STANDARD = "gnu++20";
				CLANG_ENABLE_MODULES = YES;
				CLANG_ENABLE_OBJC_ARC = YES;
				CLANG_ENABLE_OBJC_WEAK = YES;
				CLANG_WARN_BLOCK_CAPTURE_AUTORELEASING = YES;
				CLANG_WARN_BOOL_CONVERSION = YES;
				CLANG_WARN_COMMA = YES;
				CLANG_WARN_CONSTANT_CONVERSION = YES;
				CLANG_WARN_DEPRECATED_OBJC_IMPLEMENTATIONS = YES;
				CLANG_WARN_DIRECT_OBJC_ISA_USAGE = YES_ERROR;
				CLANG_WARN_DOCUMENTATION_COMMENTS = YES;
				CLANG_WARN_EMPTY_BODY = YES;
				CLANG_WARN_ENUM_CONVERSION = YES;
				CLANG_WARN_INFINITE_RECURSION = YES;
				CLANG_WARN_INT_CONVERSION = YES;
				CLANG_WARN_NON_LITERAL_NULL_CONVERSION = YES;
				CLANG_WARN_OBJC_IMPLICIT_RETAIN_SELF = YES;
				CLANG_WARN_OBJC_LITERAL_CONVERSION = YES;
				CLANG_WARN_OBJC_ROOT_CLASS = YES_ERROR;
				CLANG_WARN_QUOTED_INCLUDE_IN_FRAMEWORK_HEADER = YES;
				CLANG_WARN_RANGE_LOOP_ANALYSIS = YES;
				CLANG_WARN_STRICT_PROTOTYPES = YES;
				CLANG_WARN_SUSPICIOUS_MOVE = YES;
				CLANG_WARN_UNGUARDED_AVAILABILITY = YES_AGGRESSIVE;
				CLANG_WARN_UNREACHABLE_CODE = YES;
				CLANG_WARN__DUPLICATE_METHOD_MATCH = YES;
				COPY_PHASE_STRIP = NO;
				DEBUG_INFORMATION_FORMAT = "dwarf-with-dsym";
				ENABLE_NS_ASSERTIONS = NO;
				ENABLE_STRICT_OBJC_MSGSEND = YES;
				GCC_C_LANGUAGE_STANDARD = gnu11;
				GCC_NO_COMMON_BLOCKS = YES;
				GCC_WARN_64_TO_32_BIT_CONVERSION = YES;
				GCC_WARN_ABOUT_RETURN_TYPE = YES_ERROR;
				GCC_WARN_UNDECLARED_SELECTOR = YES;
				GCC_WARN_UNINITIALIZED_AUTOS = YES_AGGRESSIVE;
				GCC_WARN_UNUSED_FUNCTION = YES;
				GCC_WARN_UNUSED_VARIABLE = YES;
				IPHONEOS_DEPLOYMENT_TARGET = 16.4;
				MTL_ENABLE_DEBUG_INFO = NO;
				MTL_FAST_MATH = YES;
				SDKROOT = iphoneos;
				SWIFT_COMPILATION_MODE = wholemodule;
				SWIFT_OPTIMIZATION_LEVEL = "-O";
				VALIDATE_PRODUCT = YES;
			};
			name = Release;
		};
		B2F6544A2B258F7E00DD0797 /* Debug */ = {
			isa = XCBuildConfiguration;
			buildSettings = {
				ASSETCATALOG_COMPILER_APPICON_NAME = AppIcon;
				ASSETCATALOG_COMPILER_GLOBAL_ACCENT_COLOR_NAME = AccentColor;
				CODE_SIGN_STYLE = Automatic;
				CURRENT_PROJECT_VERSION = 1;
				GENERATE_INFOPLIST_FILE = YES;
				INFOPLIST_FILE = SOLID/Info.plist;
				INFOPLIST_KEY_UIApplicationSupportsIndirectInputEvents = YES;
				INFOPLIST_KEY_UILaunchStoryboardName = LaunchScreen;
				INFOPLIST_KEY_UIMainStoryboardFile = Main;
				INFOPLIST_KEY_UISupportedInterfaceOrientations_iPad = "UIInterfaceOrientationPortrait UIInterfaceOrientationPortraitUpsideDown UIInterfaceOrientationLandscapeLeft UIInterfaceOrientationLandscapeRight";
				INFOPLIST_KEY_UISupportedInterfaceOrientations_iPhone = "UIInterfaceOrientationPortrait UIInterfaceOrientationLandscapeLeft UIInterfaceOrientationLandscapeRight";
				LD_RUNPATH_SEARCH_PATHS = (
					"$(inherited)",
					"@executable_path/Frameworks",
				);
				MARKETING_VERSION = 1.0;
				PRODUCT_BUNDLE_IDENTIFIER = com.test.SOLID;
				PRODUCT_NAME = "$(TARGET_NAME)";
				SWIFT_EMIT_LOC_STRINGS = YES;
				SWIFT_VERSION = 5.0;
				TARGETED_DEVICE_FAMILY = "1,2";
			};
			name = Debug;
		};
		B2F6544B2B258F7E00DD0797 /* Release */ = {
			isa = XCBuildConfiguration;
			buildSettings = {
				ASSETCATALOG_COMPILER_APPICON_NAME = AppIcon;
				ASSETCATALOG_COMPILER_GLOBAL_ACCENT_COLOR_NAME = AccentColor;
				CODE_SIGN_STYLE = Automatic;
				CURRENT_PROJECT_VERSION = 1;
				GENERATE_INFOPLIST_FILE = YES;
				INFOPLIST_FILE = SOLID/Info.plist;
				INFOPLIST_KEY_UIApplicationSupportsIndirectInputEvents = YES;
				INFOPLIST_KEY_UILaunchStoryboardName = LaunchScreen;
				INFOPLIST_KEY_UIMainStoryboardFile = Main;
				INFOPLIST_KEY_UISupportedInterfaceOrientations_iPad = "UIInterfaceOrientationPortrait UIInterfaceOrientationPortraitUpsideDown UIInterfaceOrientationLandscapeLeft UIInterfaceOrientationLandscapeRight";
				INFOPLIST_KEY_UISupportedInterfaceOrientations_iPhone = "UIInterfaceOrientationPortrait UIInterfaceOrientationLandscapeLeft UIInterfaceOrientationLandscapeRight";
				LD_RUNPATH_SEARCH_PATHS = (
					"$(inherited)",
					"@executable_path/Frameworks",
				);
				MARKETING_VERSION = 1.0;
				PRODUCT_BUNDLE_IDENTIFIER = com.test.SOLID;
				PRODUCT_NAME = "$(TARGET_NAME)";
				SWIFT_EMIT_LOC_STRINGS = YES;
				SWIFT_VERSION = 5.0;
				TARGETED_DEVICE_FAMILY = "1,2";
			};
			name = Release;
		};
		B2F6544D2B258F7E00DD0797 /* Debug */ = {
			isa = XCBuildConfiguration;
			buildSettings = {
				ALWAYS_EMBED_SWIFT_STANDARD_LIBRARIES = YES;
				BUNDLE_LOADER = "$(TEST_HOST)";
				CODE_SIGN_STYLE = Automatic;
				CURRENT_PROJECT_VERSION = 1;
				GENERATE_INFOPLIST_FILE = YES;
				IPHONEOS_DEPLOYMENT_TARGET = 16.4;
				MARKETING_VERSION = 1.0;
				PRODUCT_BUNDLE_IDENTIFIER = com.test.SOLIDTests;
				PRODUCT_NAME = "$(TARGET_NAME)";
				SWIFT_EMIT_LOC_STRINGS = NO;
				SWIFT_VERSION = 5.0;
				TARGETED_DEVICE_FAMILY = "1,2";
				TEST_HOST = "$(BUILT_PRODUCTS_DIR)/SOLID.app/$(BUNDLE_EXECUTABLE_FOLDER_PATH)/SOLID";
			};
			name = Debug;
		};
		B2F6544E2B258F7E00DD0797 /* Release */ = {
			isa = XCBuildConfiguration;
			buildSettings = {
				ALWAYS_EMBED_SWIFT_STANDARD_LIBRARIES = YES;
				BUNDLE_LOADER = "$(TEST_HOST)";
				CODE_SIGN_STYLE = Automatic;
				CURRENT_PROJECT_VERSION = 1;
				GENERATE_INFOPLIST_FILE = YES;
				IPHONEOS_DEPLOYMENT_TARGET = 16.4;
				MARKETING_VERSION = 1.0;
				PRODUCT_BUNDLE_IDENTIFIER = com.test.SOLIDTests;
				PRODUCT_NAME = "$(TARGET_NAME)";
				SWIFT_EMIT_LOC_STRINGS = NO;
				SWIFT_VERSION = 5.0;
				TARGETED_DEVICE_FAMILY = "1,2";
				TEST_HOST = "$(BUILT_PRODUCTS_DIR)/SOLID.app/$(BUNDLE_EXECUTABLE_FOLDER_PATH)/SOLID";
			};
			name = Release;
		};
		B2F654502B258F7E00DD0797 /* Debug */ = {
			isa = XCBuildConfiguration;
			buildSettings = {
				ALWAYS_EMBED_SWIFT_STANDARD_LIBRARIES = YES;
				CODE_SIGN_STYLE = Automatic;
				CURRENT_PROJECT_VERSION = 1;
				GENERATE_INFOPLIST_FILE = YES;
				MARKETING_VERSION = 1.0;
				PRODUCT_BUNDLE_IDENTIFIER = com.test.SOLIDUITests;
				PRODUCT_NAME = "$(TARGET_NAME)";
				SWIFT_EMIT_LOC_STRINGS = NO;
				SWIFT_VERSION = 5.0;
				TARGETED_DEVICE_FAMILY = "1,2";
				TEST_TARGET_NAME = SOLID;
			};
			name = Debug;
		};
		B2F654512B258F7E00DD0797 /* Release */ = {
			isa = XCBuildConfiguration;
			buildSettings = {
				ALWAYS_EMBED_SWIFT_STANDARD_LIBRARIES = YES;
				CODE_SIGN_STYLE = Automatic;
				CURRENT_PROJECT_VERSION = 1;
				GENERATE_INFOPLIST_FILE = YES;
				MARKETING_VERSION = 1.0;
				PRODUCT_BUNDLE_IDENTIFIER = com.test.SOLIDUITests;
				PRODUCT_NAME = "$(TARGET_NAME)";
				SWIFT_EMIT_LOC_STRINGS = NO;
				SWIFT_VERSION = 5.0;
				TARGETED_DEVICE_FAMILY = "1,2";
				TEST_TARGET_NAME = SOLID;
			};
			name = Release;
		};
/* End XCBuildConfiguration section */

/* Begin XCConfigurationList section */
		B2F654172B258F7D00DD0797 /* Build configuration list for PBXProject "SOLID" */ = {
			isa = XCConfigurationList;
			buildConfigurations = (
				B2F654472B258F7E00DD0797 /* Debug */,
				B2F654482B258F7E00DD0797 /* Release */,
			);
			defaultConfigurationIsVisible = 0;
			defaultConfigurationName = Release;
		};
		B2F654492B258F7E00DD0797 /* Build configuration list for PBXNativeTarget "SOLID" */ = {
			isa = XCConfigurationList;
			buildConfigurations = (
				B2F6544A2B258F7E00DD0797 /* Debug */,
				B2F6544B2B258F7E00DD0797 /* Release */,
			);
			defaultConfigurationIsVisible = 0;
			defaultConfigurationName = Release;
		};
		B2F6544C2B258F7E00DD0797 /* Build configuration list for PBXNativeTarget "SOLIDTests" */ = {
			isa = XCConfigurationList;
			buildConfigurations = (
				B2F6544D2B258F7E00DD0797 /* Debug */,
				B2F6544E2B258F7E00DD0797 /* Release */,
			);
			defaultConfigurationIsVisible = 0;
			defaultConfigurationName = Release;
		};
		B2F6544F2B258F7E00DD0797 /* Build configuration list for PBXNativeTarget "SOLIDUITests" */ = {
			isa = XCConfigurationList;
			buildConfigurations = (
				B2F654502B258F7E00DD0797 /* Debug */,
				B2F654512B258F7E00DD0797 /* Release */,
			);
			defaultConfigurationIsVisible = 0;
			defaultConfigurationName = Release;
		};
/* End XCConfigurationList section */

/* Begin XCVersionGroup section */
		B2F654282B258F7D00DD0797 /* SOLID.xcdatamodeld */ = {
			isa = XCVersionGroup;
			children = (
				B2F654292B258F7D00DD0797 /* SOLID.xcdatamodel */,
			);
			currentVersion = B2F654292B258F7D00DD0797 /* SOLID.xcdatamodel */;
			path = SOLID.xcdatamodeld;
			sourceTree = "<group>";
			versionGroupType = wrapper.xcdatamodel;
		};
/* End XCVersionGroup section */
	};
	rootObject = B2F654142B258F7D00DD0797 /* Project object */;
}
